// !$*UTF8*$!
{
	archiveVersion = 1;
	classes = {
	};
	objectVersion = 46;
	objects = {

/* Begin PBXBuildFile section */
		88E594871C84CA9A00111BCB /* AppDelegate.swift in Sources */ = {isa = PBXBuildFile; fileRef = 88E594861C84CA9A00111BCB /* AppDelegate.swift */; };
		88E594891C84CA9A00111BCB /* ViewController.swift in Sources */ = {isa = PBXBuildFile; fileRef = 88E594881C84CA9A00111BCB /* ViewController.swift */; };
		88E5948C1C84CA9A00111BCB /* Main.storyboard in Resources */ = {isa = PBXBuildFile; fileRef = 88E5948A1C84CA9A00111BCB /* Main.storyboard */; };
		88E5948E1C84CA9A00111BCB /* Assets.xcassets in Resources */ = {isa = PBXBuildFile; fileRef = 88E5948D1C84CA9A00111BCB /* Assets.xcassets */; };
		88E594911C84CA9A00111BCB /* LaunchScreen.storyboard in Resources */ = {isa = PBXBuildFile; fileRef = 88E5948F1C84CA9A00111BCB /* LaunchScreen.storyboard */; };
		88E594991C84D0F200111BCB /* BlueViewController.swift in Sources */ = {isa = PBXBuildFile; fileRef = 88E594981C84D0F200111BCB /* BlueViewController.swift */; };
/* End PBXBuildFile section */

/* Begin PBXFileReference section */
		88E594831C84CA9A00111BCB /* segues.app */ = {isa = PBXFileReference; explicitFileType = wrapper.application; includeInIndex = 0; path = segues.app; sourceTree = BUILT_PRODUCTS_DIR; };
		88E594861C84CA9A00111BCB /* AppDelegate.swift */ = {isa = PBXFileReference; lastKnownFileType = sourcecode.swift; path = AppDelegate.swift; sourceTree = "<group>"; };
		88E594881C84CA9A00111BCB /* ViewController.swift */ = {isa = PBXFileReference; lastKnownFileType = sourcecode.swift; path = ViewController.swift; sourceTree = "<group>"; };
		88E5948B1C84CA9A00111BCB /* Base */ = {isa = PBXFileReference; lastKnownFileType = file.storyboard; name = Base; path = Base.lproj/Main.storyboard; sourceTree = "<group>"; };
		88E5948D1C84CA9A00111BCB /* Assets.xcassets */ = {isa = PBXFileReference; lastKnownFileType = folder.assetcatalog; path = Assets.xcassets; sourceTree = "<group>"; };
		88E594901C84CA9A00111BCB /* Base */ = {isa = PBXFileReference; lastKnownFileType = file.storyboard; name = Base; path = Base.lproj/LaunchScreen.storyboard; sourceTree = "<group>"; };
		88E594921C84CA9A00111BCB /* Info.plist */ = {isa = PBXFileReference; lastKnownFileType = text.plist.xml; path = Info.plist; sourceTree = "<group>"; };
		88E594981C84D0F200111BCB /* BlueViewController.swift */ = {isa = PBXFileReference; fileEncoding = 4; lastKnownFileType = sourcecode.swift; path = BlueViewController.swift; sourceTree = "<group>"; };
/* End PBXFileReference section */

/* Begin PBXFrameworksBuildPhase section */
		88E594801C84CA9A00111BCB /* Frameworks */ = {
			isa = PBXFrameworksBuildPhase;
			buildActionMask = 2147483647;
			files = (
			);
			runOnlyForDeploymentPostprocessing = 0;
		};
/* End PBXFrameworksBuildPhase section */

/* Begin PBXGroup section */
		88E5947A1C84CA9A00111BCB = {
			isa = PBXGroup;
			children = (
				88E594851C84CA9A00111BCB /* segues */,
				88E594841C84CA9A00111BCB /* Products */,
			);
			sourceTree = "<group>";
		};
		88E594841C84CA9A00111BCB /* Products */ = {
			isa = PBXGroup;
			children = (
				88E594831C84CA9A00111BCB /* segues.app */,
			);
			name = Products;
			sourceTree = "<group>";
		};
		88E594851C84CA9A00111BCB /* segues */ = {
			isa = PBXGroup;
			children = (
				88E594861C84CA9A00111BCB /* AppDelegate.swift */,
				88E594881C84CA9A00111BCB /* ViewController.swift */,
				88E5948A1C84CA9A00111BCB /* Main.storyboard */,
				88E5948D1C84CA9A00111BCB /* Assets.xcassets */,
				88E5948F1C84CA9A00111BCB /* LaunchScreen.storyboard */,
				88E594921C84CA9A00111BCB /* Info.plist */,
				88E594981C84D0F200111BCB /* BlueViewController.swift */,
			);
			path = segues;
			sourceTree = "<group>";
		};
/* End PBXGroup section */

/* Begin PBXNativeTarget section */
		88E594821C84CA9A00111BCB /* segues */ = {
			isa = PBXNativeTarget;
			buildConfigurationList = 88E594951C84CA9A00111BCB /* Build configuration list for PBXNativeTarget "segues" */;
			buildPhases = (
				88E5947F1C84CA9A00111BCB /* Sources */,
				88E594801C84CA9A00111BCB /* Frameworks */,
				88E594811C84CA9A00111BCB /* Resources */,
			);
			buildRules = (
			);
			dependencies = (
			);
			name = segues;
			productName = segues;
			productReference = 88E594831C84CA9A00111BCB /* segues.app */;
			productType = "com.apple.product-type.application";
		};
/* End PBXNativeTarget section */

/* Begin PBXProject section */
		88E5947B1C84CA9A00111BCB /* Project object */ = {
			isa = PBXProject;
			attributes = {
				LastSwiftUpdateCheck = 0720;
				LastUpgradeCheck = 0720;
				ORGANIZATIONNAME = "Project Omicron";
				TargetAttributes = {
					88E594821C84CA9A00111BCB = {
						CreatedOnToolsVersion = 7.2.1;
						DevelopmentTeam = ZVS8K2A3JV;
					};
				};
			};
			buildConfigurationList = 88E5947E1C84CA9A00111BCB /* Build configuration list for PBXProject "segues" */;
			compatibilityVersion = "Xcode 3.2";
			developmentRegion = English;
			hasScannedForEncodings = 0;
			knownRegions = (
				en,
				Base,
			);
			mainGroup = 88E5947A1C84CA9A00111BCB;
			productRefGroup = 88E594841C84CA9A00111BCB /* Products */;
			projectDirPath = "";
			projectRoot = "";
			targets = (
				88E594821C84CA9A00111BCB /* segues */,
			);
		};
/* End PBXProject section */

/* Begin PBXResourcesBuildPhase section */
		88E594811C84CA9A00111BCB /* Resources */ = {
			isa = PBXResourcesBuildPhase;
			buildActionMask = 2147483647;
			files = (
				88E594911C84CA9A00111BCB /* LaunchScreen.storyboard in Resources */,
				88E5948E1C84CA9A00111BCB /* Assets.xcassets in Resources */,
				88E5948C1C84CA9A00111BCB /* Main.storyboard in Resources */,
			);
			runOnlyForDeploymentPostprocessing = 0;
		};
/* End PBXResourcesBuildPhase section */

/* Begin PBXSourcesBuildPhase section */
		88E5947F1C84CA9A00111BCB /* Sources */ = {
			isa = PBXSourcesBuildPhase;
			buildActionMask = 2147483647;
			files = (
				88E594891C84CA9A00111BCB /* ViewController.swift in Sources */,
				88E594991C84D0F200111BCB /* BlueViewController.swift in Sources */,
				88E594871C84CA9A00111BCB /* AppDelegate.swift in Sources */,
			);
			runOnlyForDeploymentPostprocessing = 0;
		};
/* End PBXSourcesBuildPhase section */

/* Begin PBXVariantGroup section */
		88E5948A1C84CA9A00111BCB /* Main.storyboard */ = {
			isa = PBXVariantGroup;
			children = (
				88E5948B1C84CA9A00111BCB /* Base */,
			);
			name = Main.storyboard;
			sourceTree = "<group>";
		};
		88E5948F1C84CA9A00111BCB /* LaunchScreen.storyboard */ = {
			isa = PBXVariantGroup;
			children = (
				88E594901C84CA9A00111BCB /* Base */,
			);
			name = LaunchScreen.storyboard;
			sourceTree = "<group>";
		};
/* End PBXVariantGroup section */

/* Begin XCBuildConfiguration section */
		88E594931C84CA9A00111BCB /* Debug */ = {
			isa = XCBuildConfiguration;
			buildSettings = {
				ALWAYS_SEARCH_USER_PATHS = NO;
				CLANG_CXX_LANGUAGE_STANDARD = "gnu++0x";
				CLANG_CXX_LIBRARY = "libc++";
				CLANG_ENABLE_MODULES = YES;
				CLANG_ENABLE_OBJC_ARC = YES;
				CLANG_WARN_BOOL_CONVERSION = YES;
				CLANG_WARN_CONSTANT_CONVERSION = YES;
				CLANG_WARN_DIRECT_OBJC_ISA_USAGE = YES_ERROR;
				CLANG_WARN_EMPTY_BODY = YES;
				CLANG_WARN_ENUM_CONVERSION = YES;
				CLANG_WARN_INT_CONVERSION = YES;
				CLANG_WARN_OBJC_ROOT_CLASS = YES_ERROR;
				CLANG_WARN_UNREACHABLE_CODE = YES;
				CLANG_WARN__DUPLICATE_METHOD_MATCH = YES;
				"CODE_SIGN_IDENTITY[sdk=iphoneos*]" = "iPhone Developer";
				COPY_PHASE_STRIP = NO;
				DEBUG_INFORMATION_FORMAT = dwarf;
				ENABLE_STRICT_OBJC_MSGSEND = YES;
				ENABLE_TESTABILITY = YES;
				GCC_C_LANGUAGE_STANDARD = gnu99;
				GCC_DYNAMIC_NO_PIC = NO;
				GCC_NO_COMMON_BLOCKS = YES;
				GCC_OPTIMIZATION_LEVEL = 0;
				GCC_PREPROCESSOR_DEFINITIONS = (
					"DEBUG=1",
					"$(inherited)",
				);
				GCC_WARN_64_TO_32_BIT_CONVERSION = YES;
				GCC_WARN_ABOUT_RETURN_TYPE = YES_ERROR;
				GCC_WARN_UNDECLARED_SELECTOR = YES;
				GCC_WARN_UNINITIALIZED_AUTOS = YES_AGGRESSIVE;
				GCC_WARN_UNUSED_FUNCTION = YES;
				GCC_WARN_UNUSED_VARIABLE = YES;
				IPHONEOS_DEPLOYMENT_TARGET = 9.2;
				MTL_ENABLE_DEBUG_INFO = YES;
				ONLY_ACTIVE_ARCH = YES;
				SDKROOT = iphoneos;
				SWIFT_OPTIMIZATION_LEVEL = "-Onone";
				TARGETED_DEVICE_FAMILY = "1,2";
			};
			name = Debug;
		};
		88E594941C84CA9A00111BCB /* Release */ = {
			isa = XCBuildConfiguration;
			buildSettings = {
				ALWAYS_SEARCH_USER_PATHS = NO;
				CLANG_CXX_LANGUAGE_STANDARD = "gnu++0x";
				CLANG_CXX_LIBRARY = "libc++";
				CLANG_ENABLE_MODULES = YES;
				CLANG_ENABLE_OBJC_ARC = YES;
				CLANG_WARN_BOOL_CONVERSION = YES;
				CLANG_WARN_CONSTANT_CONVERSION = YES;
				CLANG_WARN_DIRECT_OBJC_ISA_USAGE = YES_ERROR;
				CLANG_WARN_EMPTY_BODY = YES;
				CLANG_WARN_ENUM_CONVERSION = YES;
				CLANG_WARN_INT_CONVERSION = YES;
				CLANG_WARN_OBJC_ROOT_CLASS = YES_ERROR;
				CLANG_WARN_UNREACHABLE_CODE = YES;
				CLANG_WARN__DUPLICATE_METHOD_MATCH = YES;
				"CODE_SIGN_IDENTITY[sdk=iphoneos*]" = "iPhone Developer";
				COPY_PHASE_STRIP = NO;
				DEBUG_INFORMATION_FORMAT = "dwarf-with-dsym";
				ENABLE_NS_ASSERTIONS = NO;
				ENABLE_STRICT_OBJC_MSGSEND = YES;
				GCC_C_LANGUAGE_STANDARD = gnu99;
				GCC_NO_COMMON_BLOCKS = YES;
				GCC_WARN_64_TO_32_BIT_CONVERSION = YES;
				GCC_WARN_ABOUT_RETURN_TYPE = YES_ERROR;
				GCC_WARN_UNDECLARED_SELECTOR = YES;
				GCC_WARN_UNINITIALIZED_AUTOS = YES_AGGRESSIVE;
				GCC_WARN_UNUSED_FUNCTION = YES;
				GCC_WARN_UNUSED_VARIABLE = YES;
				IPHONEOS_DEPLOYMENT_TARGET = 9.2;
				MTL_ENABLE_DEBUG_INFO = NO;
				SDKROOT = iphoneos;
				TARGETED_DEVICE_FAMILY = "1,2";
				VALIDATE_PRODUCT = YES;
			};
			name = Release;
		};
		88E594961C84CA9A00111BCB /* Debug */ = {
			isa = XCBuildConfiguration;
			buildSettings = {
				ASSETCATALOG_COMPILER_APPICON_NAME = AppIcon;
				INFOPLIST_FILE = segues/Info.plist;
				LD_RUNPATH_SEARCH_PATHS = "$(inherited) @executable_path/Frameworks";
				PRODUCT_BUNDLE_IDENTIFIER = com.projectomicron.segues;
				PRODUCT_NAME = "$(TARGET_NAME)";
			};
			name = Debug;
		};
		88E594971C84CA9A00111BCB /* Release */ = {
			isa = XCBuildConfiguration;
			buildSettings = {
				ASSETCATALOG_COMPILER_APPICON_NAME = AppIcon;
				INFOPLIST_FILE = segues/Info.plist;
				LD_RUNPATH_SEARCH_PATHS = "$(inherited) @executable_path/Frameworks";
				PRODUCT_BUNDLE_IDENTIFIER = com.projectomicron.segues;
				PRODUCT_NAME = "$(TARGET_NAME)";
			};
			name = Release;
		};
/* End XCBuildConfiguration section */

/* Begin XCConfigurationList section */
		88E5947E1C84CA9A00111BCB /* Build configuration list for PBXProject "segues" */ = {
			isa = XCConfigurationList;
			buildConfigurations = (
				88E594931C84CA9A00111BCB /* Debug */,
				88E594941C84CA9A00111BCB /* Release */,
			);
			defaultConfigurationIsVisible = 0;
			defaultConfigurationName = Release;
		};
		88E594951C84CA9A00111BCB /* Build configuration list for PBXNativeTarget "segues" */ = {
			isa = XCConfigurationList;
			buildConfigurations = (
				88E594961C84CA9A00111BCB /* Debug */,
				88E594971C84CA9A00111BCB /* Release */,
			);
			defaultConfigurationIsVisible = 0;
		};
/* End XCConfigurationList section */
	};
	rootObject = 88E5947B1C84CA9A00111BCB /* Project object */;
}
